
Microsoft Visual Studio Solution File, Format Version 12.00
Project("{FAE04EC0-301F-11D3-BF4B-00C04F79EFBC}") = "BlazorExample1", "BlazorExample1\BlazorExample1.csproj", "{B274582C-D001-4212-9446-4ED324F642A2}"
EndProject
Global
	GlobalSection(SolutionConfigurationPlatforms) = preSolution
		Debug|Any CPU = Debug|Any CPU
		Release|Any CPU = Release|Any CPU
	EndGlobalSection
	GlobalSection(ProjectConfigurationPlatforms) = postSolution
		{B274582C-D001-4212-9446-4ED324F642A2}.Debug|Any CPU.ActiveCfg = Debug|Any CPU
		{B274582C-D001-4212-9446-4ED324F642A2}.Debug|Any CPU.Build.0 = Debug|Any CPU
		{B274582C-D001-4212-9446-4ED324F642A2}.Release|Any CPU.ActiveCfg = Release|Any CPU
		{B274582C-D001-4212-9446-4ED324F642A2}.Release|Any CPU.Build.0 = Release|Any CPU
	EndGlobalSection
EndGlobal
